{
  "name": "valr-dca-serverless",
  "version": "1.0.0",
  "lockfileVersion": 3,
  "requires": true,
  "packages": {
    "": {
      "name": "valr-dca-serverless",
      "version": "1.0.0",
      "dependencies": {
        "@netlify/functions": "^1.6.0",
        "crypto": "^1.0.1"
      }
    },
    "node_modules/@netlify/functions": {
      "version": "1.6.0",
      "license": "MIT",
      "dependencies": {
        "is-promise": "^4.0.0"
      },
      "engines": {
        "node": ">=14.0.0"
      }
    },
    "node_modules/crypto": {
      "version": "1.0.1",
      "license": "ISC"
    },
    "node_modules/is-promise": {
      "version": "4.0.0",
      "license": "MIT"
    }
  }
}
